
Microsoft Visual Studio Solution File, Format Version 12.00
# Visual Studio Version 16
VisualStudioVersion = 16.0.30011.22
MinimumVisualStudioVersion = 10.0.40219.1
Project("{9A19103F-16F7-4668-BE54-9A1E7A4F7556}") = "Soccer.Common", "Soccer.Common\Soccer.Common.csproj", "{511F7A77-1FDF-404E-80F6-E5128A059FD4}"
EndProject
Project("{9A19103F-16F7-4668-BE54-9A1E7A4F7556}") = "Soccer.Web", "Soccer.Web\Soccer.Web.csproj", "{436B8A21-CDA0-4E8E-823B-C6CA01A7AD0D}"
EndProject
Project("{FAE04EC0-301F-11D3-BF4B-00C04F79EFBC}") = "Soccer.Prism", "Soccer.Prism\Soccer.Prism\Soccer.Prism.csproj", "{312D8B34-D7FA-49AE-A2FF-53C4962F09B7}"
EndProject
Project("{FAE04EC0-301F-11D3-BF4B-00C04F79EFBC}") = "Soccer.Prism.Android", "Soccer.Prism\Soccer.Prism.Android\Soccer.Prism.Android.csproj", "{477BD02C-9657-4D13-B714-ADEB54D2A05B}"
EndProject
Project("{FAE04EC0-301F-11D3-BF4B-00C04F79EFBC}") = "Soccer.Prism.iOS", "Soccer.Prism\Soccer.Prism.iOS\Soccer.Prism.iOS.csproj", "{8EC3251E-1D40-4888-9D8E-6C551B8CA62C}"
EndProject
Global
	GlobalSection(SolutionConfigurationPlatforms) = preSolution
		Ad-Hoc|Any CPU = Ad-Hoc|Any CPU
		Ad-Hoc|iPhone = Ad-Hoc|iPhone
		Ad-Hoc|iPhoneSimulator = Ad-Hoc|iPhoneSimulator
		AppStore|Any CPU = AppStore|Any CPU
		AppStore|iPhone = AppStore|iPhone
		AppStore|iPhoneSimulator = AppStore|iPhoneSimulator
		Debug|Any CPU = Debug|Any CPU
		Debug|iPhone = Debug|iPhone
		Debug|iPhoneSimulator = Debug|iPhoneSimulator
		Release|Any CPU = Release|Any CPU
		Release|iPhone = Release|iPhone
		Release|iPhoneSimulator = Release|iPhoneSimulator
	EndGlobalSection
	GlobalSection(ProjectConfigurationPlatforms) = postSolution
		{511F7A77-1FDF-404E-80F6-E5128A059FD4}.Ad-Hoc|Any CPU.ActiveCfg = Release|Any CPU
		{511F7A77-1FDF-404E-80F6-E5128A059FD4}.Ad-Hoc|Any CPU.Build.0 = Release|Any CPU
		{511F7A77-1FDF-404E-80F6-E5128A059FD4}.Ad-Hoc|iPhone.ActiveCfg = Release|Any CPU
		{511F7A77-1FDF-404E-80F6-E5128A059FD4}.Ad-Hoc|iPhone.Build.0 = Release|Any CPU
		{511F7A77-1FDF-404E-80F6-E5128A059FD4}.Ad-Hoc|iPhoneSimulator.ActiveCfg = Release|Any CPU
		{511F7A77-1FDF-404E-80F6-E5128A059FD4}.Ad-Hoc|iPhoneSimulator.Build.0 = Release|Any CPU
		{511F7A77-1FDF-404E-80F6-E5128A059FD4}.AppStore|Any CPU.ActiveCfg = Release|Any CPU
		{511F7A77-1FDF-404E-80F6-E5128A059FD4}.AppStore|Any CPU.Build.0 = Release|Any CPU
		{511F7A77-1FDF-404E-80F6-E5128A059FD4}.AppStore|iPhone.ActiveCfg = Release|Any CPU
		{511F7A77-1FDF-404E-80F6-E5128A059FD4}.AppStore|iPhone.Build.0 = Release|Any CPU
		{511F7A77-1FDF-404E-80F6-E5128A059FD4}.AppStore|iPhoneSimulator.ActiveCfg = Release|Any CPU
		{511F7A77-1FDF-404E-80F6-E5128A059FD4}.AppStore|iPhoneSimulator.Build.0 = Release|Any CPU
		{511F7A77-1FDF-404E-80F6-E5128A059FD4}.Debug|Any CPU.ActiveCfg = Debug|Any CPU
		{511F7A77-1FDF-404E-80F6-E5128A059FD4}.Debug|Any CPU.Build.0 = Debug|Any CPU
		{511F7A77-1FDF-404E-80F6-E5128A059FD4}.Debug|iPhone.ActiveCfg = Debug|Any CPU
		{511F7A77-1FDF-404E-80F6-E5128A059FD4}.Debug|iPhone.Build.0 = Debug|Any CPU
		{511F7A77-1FDF-404E-80F6-E5128A059FD4}.Debug|iPhoneSimulator.ActiveCfg = Debug|Any CPU
		{511F7A77-1FDF-404E-80F6-E5128A059FD4}.Debug|iPhoneSimulator.Build.0 = Debug|Any CPU
		{511F7A77-1FDF-404E-80F6-E5128A059FD4}.Release|Any CPU.ActiveCfg = Release|Any CPU
		{511F7A77-1FDF-404E-80F6-E5128A059FD4}.Release|Any CPU.Build.0 = Release|Any CPU
		{511F7A77-1FDF-404E-80F6-E5128A059FD4}.Release|iPhone.ActiveCfg = Release|Any CPU
		{511F7A77-1FDF-404E-80F6-E5128A059FD4}.Release|iPhone.Build.0 = Release|Any CPU
		{511F7A77-1FDF-404E-80F6-E5128A059FD4}.Release|iPhoneSimulator.ActiveCfg = Release|Any CPU
		{511F7A77-1FDF-404E-80F6-E5128A059FD4}.Release|iPhoneSimulator.Build.0 = Release|Any CPU
		{436B8A21-CDA0-4E8E-823B-C6CA01A7AD0D}.Ad-Hoc|Any CPU.ActiveCfg = Release|Any CPU
		{436B8A21-CDA0-4E8E-823B-C6CA01A7AD0D}.Ad-Hoc|Any CPU.Build.0 = Release|Any CPU
		{436B8A21-CDA0-4E8E-823B-C6CA01A7AD0D}.Ad-Hoc|iPhone.ActiveCfg = Release|Any CPU
		{436B8A21-CDA0-4E8E-823B-C6CA01A7AD0D}.Ad-Hoc|iPhone.Build.0 = Release|Any CPU
		{436B8A21-CDA0-4E8E-823B-C6CA01A7AD0D}.Ad-Hoc|iPhoneSimulator.ActiveCfg = Release|Any CPU
		{436B8A21-CDA0-4E8E-823B-C6CA01A7AD0D}.Ad-Hoc|iPhoneSimulator.Build.0 = Release|Any CPU
		{436B8A21-CDA0-4E8E-823B-C6CA01A7AD0D}.AppStore|Any CPU.ActiveCfg = Release|Any CPU
		{436B8A21-CDA0-4E8E-823B-C6CA01A7AD0D}.AppStore|Any CPU.Build.0 = Release|Any CPU
		{436B8A21-CDA0-4E8E-823B-C6CA01A7AD0D}.AppStore|iPhone.ActiveCfg = Release|Any CPU
		{436B8A21-CDA0-4E8E-823B-C6CA01A7AD0D}.AppStore|iPhone.Build.0 = Release|Any CPU
		{436B8A21-CDA0-4E8E-823B-C6CA01A7AD0D}.AppStore|iPhoneSimulator.ActiveCfg = Release|Any CPU
		{436B8A21-CDA0-4E8E-823B-C6CA01A7AD0D}.AppStore|iPhoneSimulator.Build.0 = Release|Any CPU
		{436B8A21-CDA0-4E8E-823B-C6CA01A7AD0D}.Debug|Any CPU.ActiveCfg = Debug|Any CPU
		{436B8A21-CDA0-4E8E-823B-C6CA01A7AD0D}.Debug|Any CPU.Build.0 = Debug|Any CPU
		{436B8A21-CDA0-4E8E-823B-C6CA01A7AD0D}.Debug|iPhone.ActiveCfg = Debug|Any CPU
		{436B8A21-CDA0-4E8E-823B-C6CA01A7AD0D}.Debug|iPhone.Build.0 = Debug|Any CPU
		{436B8A21-CDA0-4E8E-823B-C6CA01A7AD0D}.Debug|iPhoneSimulator.ActiveCfg = Debug|Any CPU
		{436B8A21-CDA0-4E8E-823B-C6CA01A7AD0D}.Debug|iPhoneSimulator.Build.0 = Debug|Any CPU
		{436B8A21-CDA0-4E8E-823B-C6CA01A7AD0D}.Release|Any CPU.ActiveCfg = Release|Any CPU
		{436B8A21-CDA0-4E8E-823B-C6CA01A7AD0D}.Release|Any CPU.Build.0 = Release|Any CPU
		{436B8A21-CDA0-4E8E-823B-C6CA01A7AD0D}.Release|iPhone.ActiveCfg = Release|Any CPU
		{436B8A21-CDA0-4E8E-823B-C6CA01A7AD0D}.Release|iPhone.Build.0 = Release|Any CPU
		{436B8A21-CDA0-4E8E-823B-C6CA01A7AD0D}.Release|iPhoneSimulator.ActiveCfg = Release|Any CPU
		{436B8A21-CDA0-4E8E-823B-C6CA01A7AD0D}.Release|iPhoneSimulator.Build.0 = Release|Any CPU
		{312D8B34-D7FA-49AE-A2FF-53C4962F09B7}.Ad-Hoc|Any CPU.ActiveCfg = Debug|Any CPU
		{312D8B34-D7FA-49AE-A2FF-53C4962F09B7}.Ad-Hoc|Any CPU.Build.0 = Debug|Any CPU
		{312D8B34-D7FA-49AE-A2FF-53C4962F09B7}.Ad-Hoc|iPhone.ActiveCfg = Debug|Any CPU
		{312D8B34-D7FA-49AE-A2FF-53C4962F09B7}.Ad-Hoc|iPhone.Build.0 = Debug|Any CPU
		{312D8B34-D7FA-49AE-A2FF-53C4962F09B7}.Ad-Hoc|iPhoneSimulator.ActiveCfg = Debug|Any CPU
		{312D8B34-D7FA-49AE-A2FF-53C4962F09B7}.Ad-Hoc|iPhoneSimulator.Build.0 = Debug|Any CPU
		{312D8B34-D7FA-49AE-A2FF-53C4962F09B7}.AppStore|Any CPU.ActiveCfg = Debug|Any CPU
		{312D8B34-D7FA-49AE-A2FF-53C4962F09B7}.AppStore|Any CPU.Build.0 = Debug|Any CPU
		{312D8B34-D7FA-49AE-A2FF-53C4962F09B7}.AppStore|iPhone.ActiveCfg = Debug|Any CPU
		{312D8B34-D7FA-49AE-A2FF-53C4962F09B7}.AppStore|iPhone.Build.0 = Debug|Any CPU
		{312D8B34-D7FA-49AE-A2FF-53C4962F09B7}.AppStore|iPhoneSimulator.ActiveCfg = Debug|Any CPU
		{312D8B34-D7FA-49AE-A2FF-53C4962F09B7}.AppStore|iPhoneSimulator.Build.0 = Debug|Any CPU
		{312D8B34-D7FA-49AE-A2FF-53C4962F09B7}.Debug|Any CPU.ActiveCfg = Debug|Any CPU
		{312D8B34-D7FA-49AE-A2FF-53C4962F09B7}.Debug|Any CPU.Build.0 = Debug|Any CPU
		{312D8B34-D7FA-49AE-A2FF-53C4962F09B7}.Debug|iPhone.ActiveCfg = Debug|Any CPU
		{312D8B34-D7FA-49AE-A2FF-53C4962F09B7}.Debug|iPhone.Build.0 = Debug|Any CPU
		{312D8B34-D7FA-49AE-A2FF-53C4962F09B7}.Debug|iPhoneSimulator.ActiveCfg = Debug|Any CPU
		{312D8B34-D7FA-49AE-A2FF-53C4962F09B7}.Debug|iPhoneSimulator.Build.0 = Debug|Any CPU
		{312D8B34-D7FA-49AE-A2FF-53C4962F09B7}.Release|Any CPU.ActiveCfg = Release|Any CPU
		{312D8B34-D7FA-49AE-A2FF-53C4962F09B7}.Release|Any CPU.Build.0 = Release|Any CPU
		{312D8B34-D7FA-49AE-A2FF-53C4962F09B7}.Release|iPhone.ActiveCfg = Release|Any CPU
		{312D8B34-D7FA-49AE-A2FF-53C4962F09B7}.Release|iPhone.Build.0 = Release|Any CPU
		{312D8B34-D7FA-49AE-A2FF-53C4962F09B7}.Release|iPhoneSimulator.ActiveCfg = Release|Any CPU
		{312D8B34-D7FA-49AE-A2FF-53C4962F09B7}.Release|iPhoneSimulator.Build.0 = Release|Any CPU
		{477BD02C-9657-4D13-B714-ADEB54D2A05B}.Ad-Hoc|Any CPU.ActiveCfg = Release|Any CPU
		{477BD02C-9657-4D13-B714-ADEB54D2A05B}.Ad-Hoc|Any CPU.Build.0 = Release|Any CPU
		{477BD02C-9657-4D13-B714-ADEB54D2A05B}.Ad-Hoc|Any CPU.Deploy.0 = Release|Any CPU
		{477BD02C-9657-4D13-B714-ADEB54D2A05B}.Ad-Hoc|iPhone.ActiveCfg = Release|Any CPU
		{477BD02C-9657-4D13-B714-ADEB54D2A05B}.Ad-Hoc|iPhone.Build.0 = Release|Any CPU
		{477BD02C-9657-4D13-B714-ADEB54D2A05B}.Ad-Hoc|iPhone.Deploy.0 = Release|Any CPU
		{477BD02C-9657-4D13-B714-ADEB54D2A05B}.Ad-Hoc|iPhoneSimulator.ActiveCfg = Release|Any CPU
		{477BD02C-9657-4D13-B714-ADEB54D2A05B}.Ad-Hoc|iPhoneSimulator.Build.0 = Release|Any CPU
		{477BD02C-9657-4D13-B714-ADEB54D2A05B}.Ad-Hoc|iPhoneSimulator.Deploy.0 = Release|Any CPU
		{477BD02C-9657-4D13-B714-ADEB54D2A05B}.AppStore|Any CPU.ActiveCfg = Release|Any CPU
		{477BD02C-9657-4D13-B714-ADEB54D2A05B}.AppStore|Any CPU.Build.0 = Release|Any CPU
		{477BD02C-9657-4D13-B714-ADEB54D2A05B}.AppStore|Any CPU.Deploy.0 = Release|Any CPU
		{477BD02C-9657-4D13-B714-ADEB54D2A05B}.AppStore|iPhone.ActiveCfg = Release|Any CPU
		{477BD02C-9657-4D13-B714-ADEB54D2A05B}.AppStore|iPhone.Build.0 = Release|Any CPU
		{477BD02C-9657-4D13-B714-ADEB54D2A05B}.AppStore|iPhone.Deploy.0 = Release|Any CPU
		{477BD02C-9657-4D13-B714-ADEB54D2A05B}.AppStore|iPhoneSimulator.ActiveCfg = Release|Any CPU
		{477BD02C-9657-4D13-B714-ADEB54D2A05B}.AppStore|iPhoneSimulator.Build.0 = Release|Any CPU
		{477BD02C-9657-4D13-B714-ADEB54D2A05B}.AppStore|iPhoneSimulator.Deploy.0 = Release|Any CPU
		{477BD02C-9657-4D13-B714-ADEB54D2A05B}.Debug|Any CPU.ActiveCfg = Debug|Any CPU
		{477BD02C-9657-4D13-B714-ADEB54D2A05B}.Debug|Any CPU.Build.0 = Debug|Any CPU
		{477BD02C-9657-4D13-B714-ADEB54D2A05B}.Debug|Any CPU.Deploy.0 = Debug|Any CPU
		{477BD02C-9657-4D13-B714-ADEB54D2A05B}.Debug|iPhone.ActiveCfg = Debug|Any CPU
		{477BD02C-9657-4D13-B714-ADEB54D2A05B}.Debug|iPhone.Build.0 = Debug|Any CPU
		{477BD02C-9657-4D13-B714-ADEB54D2A05B}.Debug|iPhone.Deploy.0 = Debug|Any CPU
		{477BD02C-9657-4D13-B714-ADEB54D2A05B}.Debug|iPhoneSimulator.ActiveCfg = Debug|Any CPU
		{477BD02C-9657-4D13-B714-ADEB54D2A05B}.Debug|iPhoneSimulator.Build.0 = Debug|Any CPU
		{477BD02C-9657-4D13-B714-ADEB54D2A05B}.Debug|iPhoneSimulator.Deploy.0 = Debug|Any CPU
		{477BD02C-9657-4D13-B714-ADEB54D2A05B}.Release|Any CPU.ActiveCfg = Release|Any CPU
		{477BD02C-9657-4D13-B714-ADEB54D2A05B}.Release|Any CPU.Build.0 = Release|Any CPU
		{477BD02C-9657-4D13-B714-ADEB54D2A05B}.Release|Any CPU.Deploy.0 = Release|Any CPU
		{477BD02C-9657-4D13-B714-ADEB54D2A05B}.Release|iPhone.ActiveCfg = Release|Any CPU
		{477BD02C-9657-4D13-B714-ADEB54D2A05B}.Release|iPhone.Build.0 = Release|Any CPU
		{477BD02C-9657-4D13-B714-ADEB54D2A05B}.Release|iPhone.Deploy.0 = Release|Any CPU
		{477BD02C-9657-4D13-B714-ADEB54D2A05B}.Release|iPhoneSimulator.ActiveCfg = Release|Any CPU
		{477BD02C-9657-4D13-B714-ADEB54D2A05B}.Release|iPhoneSimulator.Build.0 = Release|Any CPU
		{477BD02C-9657-4D13-B714-ADEB54D2A05B}.Release|iPhoneSimulator.Deploy.0 = Release|Any CPU
		{8EC3251E-1D40-4888-9D8E-6C551B8CA62C}.Ad-Hoc|Any CPU.ActiveCfg = Ad-Hoc|iPhone
		{8EC3251E-1D40-4888-9D8E-6C551B8CA62C}.Ad-Hoc|iPhone.ActiveCfg = Ad-Hoc|iPhone
		{8EC3251E-1D40-4888-9D8E-6C551B8CA62C}.Ad-Hoc|iPhone.Build.0 = Ad-Hoc|iPhone
		{8EC3251E-1D40-4888-9D8E-6C551B8CA62C}.Ad-Hoc|iPhoneSimulator.ActiveCfg = Ad-Hoc|iPhoneSimulator
		{8EC3251E-1D40-4888-9D8E-6C551B8CA62C}.Ad-Hoc|iPhoneSimulator.Build.0 = Ad-Hoc|iPhoneSimulator
		{8EC3251E-1D40-4888-9D8E-6C551B8CA62C}.AppStore|Any CPU.ActiveCfg = AppStore|iPhone
		{8EC3251E-1D40-4888-9D8E-6C551B8CA62C}.AppStore|iPhone.ActiveCfg = AppStore|iPhone
		{8EC3251E-1D40-4888-9D8E-6C551B8CA62C}.AppStore|iPhone.Build.0 = AppStore|iPhone
		{8EC3251E-1D40-4888-9D8E-6C551B8CA62C}.AppStore|iPhoneSimulator.ActiveCfg = AppStore|iPhoneSimulator
		{8EC3251E-1D40-4888-9D8E-6C551B8CA62C}.AppStore|iPhoneSimulator.Build.0 = AppStore|iPhoneSimulator
		{8EC3251E-1D40-4888-9D8E-6C551B8CA62C}.Debug|Any CPU.ActiveCfg = Debug|iPhone
		{8EC3251E-1D40-4888-9D8E-6C551B8CA62C}.Debug|iPhone.ActiveCfg = Debug|iPhone
		{8EC3251E-1D40-4888-9D8E-6C551B8CA62C}.Debug|iPhone.Build.0 = Debug|iPhone
		{8EC3251E-1D40-4888-9D8E-6C551B8CA62C}.Debug|iPhoneSimulator.ActiveCfg = Debug|iPhoneSimulator
		{8EC3251E-1D40-4888-9D8E-6C551B8CA62C}.Debug|iPhoneSimulator.Build.0 = Debug|iPhoneSimulator
		{8EC3251E-1D40-4888-9D8E-6C551B8CA62C}.Release|Any CPU.ActiveCfg = Release|iPhone
		{8EC3251E-1D40-4888-9D8E-6C551B8CA62C}.Release|iPhone.ActiveCfg = Release|iPhone
		{8EC3251E-1D40-4888-9D8E-6C551B8CA62C}.Release|iPhone.Build.0 = Release|iPhone
		{8EC3251E-1D40-4888-9D8E-6C551B8CA62C}.Release|iPhoneSimulator.ActiveCfg = Release|iPhoneSimulator
		{8EC3251E-1D40-4888-9D8E-6C551B8CA62C}.Release|iPhoneSimulator.Build.0 = Release|iPhoneSimulator
	EndGlobalSection
	GlobalSection(SolutionProperties) = preSolution
		HideSolutionNode = FALSE
	EndGlobalSection
	GlobalSection(ExtensibilityGlobals) = postSolution
		SolutionGuid = {F26F7739-460A-47CB-9990-E346B47F0E10}
	EndGlobalSection
EndGlobal
