
Microsoft Visual Studio Solution File, Format Version 12.00
# Visual Studio Version 16
VisualStudioVersion = 16.0.30011.22
MinimumVisualStudioVersion = 10.0.40219.1
Project("{9A19103F-16F7-4668-BE54-9A1E7A4F7556}") = "Soccer.Common", "Soccer.Common\Soccer.Common.csproj", "{511F7A77-1FDF-404E-80F6-E5128A059FD4}"
EndProject
Project("{9A19103F-16F7-4668-BE54-9A1E7A4F7556}") = "Soccer.Web", "Soccer.Web\Soccer.Web.csproj", "{436B8A21-CDA0-4E8E-823B-C6CA01A7AD0D}"
EndProject
Project("{FAE04EC0-301F-11D3-BF4B-00C04F79EFBC}") = "Soccer.Cross.Android", "Soccer.Cross.Android\Soccer.Cross.Android.csproj", "{7474AF3A-3C87-442B-B538-F4E3DDD7D45B}"
EndProject
Project("{FAE04EC0-301F-11D3-BF4B-00C04F79EFBC}") = "Soccer.Prism", "Soccer.Prism\Soccer.Prism\Soccer.Prism.csproj", "{BE6B5F4A-2A77-4F64-B0F4-9A17B5A90C4F}"
EndProject
Project("{FAE04EC0-301F-11D3-BF4B-00C04F79EFBC}") = "Soccer.Prism.Android", "Soccer.Prism\Soccer.Prism.Android\Soccer.Prism.Android.csproj", "{614CBE40-C66D-4629-8310-0396E7953E00}"
EndProject
Project("{FAE04EC0-301F-11D3-BF4B-00C04F79EFBC}") = "Soccer.Prism.iOS", "Soccer.Prism\Soccer.Prism.iOS\Soccer.Prism.iOS.csproj", "{DBE1D3C0-9862-4D79-BFA3-8D9CD40366FF}"
EndProject
Project("{FAE04EC0-301F-11D3-BF4B-00C04F79EFBC}") = "Soccer.Cross.iOS", "Soccer.Cross.iOS\Soccer.Cross.iOS.csproj", "{0B2F1320-8434-4B71-A7F6-B49CCA0DF4AE}"
EndProject
Global
	GlobalSection(SolutionConfigurationPlatforms) = preSolution
		Ad-Hoc|Any CPU = Ad-Hoc|Any CPU
		Ad-Hoc|iPhone = Ad-Hoc|iPhone
		Ad-Hoc|iPhoneSimulator = Ad-Hoc|iPhoneSimulator
		AppStore|Any CPU = AppStore|Any CPU
		AppStore|iPhone = AppStore|iPhone
		AppStore|iPhoneSimulator = AppStore|iPhoneSimulator
		Debug|Any CPU = Debug|Any CPU
		Debug|iPhone = Debug|iPhone
		Debug|iPhoneSimulator = Debug|iPhoneSimulator
		Release|Any CPU = Release|Any CPU
		Release|iPhone = Release|iPhone
		Release|iPhoneSimulator = Release|iPhoneSimulator
	EndGlobalSection
	GlobalSection(ProjectConfigurationPlatforms) = postSolution
		{511F7A77-1FDF-404E-80F6-E5128A059FD4}.Ad-Hoc|Any CPU.ActiveCfg = Release|Any CPU
		{511F7A77-1FDF-404E-80F6-E5128A059FD4}.Ad-Hoc|Any CPU.Build.0 = Release|Any CPU
		{511F7A77-1FDF-404E-80F6-E5128A059FD4}.Ad-Hoc|iPhone.ActiveCfg = Release|Any CPU
		{511F7A77-1FDF-404E-80F6-E5128A059FD4}.Ad-Hoc|iPhone.Build.0 = Release|Any CPU
		{511F7A77-1FDF-404E-80F6-E5128A059FD4}.Ad-Hoc|iPhoneSimulator.ActiveCfg = Release|Any CPU
		{511F7A77-1FDF-404E-80F6-E5128A059FD4}.Ad-Hoc|iPhoneSimulator.Build.0 = Release|Any CPU
		{511F7A77-1FDF-404E-80F6-E5128A059FD4}.AppStore|Any CPU.ActiveCfg = Release|Any CPU
		{511F7A77-1FDF-404E-80F6-E5128A059FD4}.AppStore|Any CPU.Build.0 = Release|Any CPU
		{511F7A77-1FDF-404E-80F6-E5128A059FD4}.AppStore|iPhone.ActiveCfg = Release|Any CPU
		{511F7A77-1FDF-404E-80F6-E5128A059FD4}.AppStore|iPhone.Build.0 = Release|Any CPU
		{511F7A77-1FDF-404E-80F6-E5128A059FD4}.AppStore|iPhoneSimulator.ActiveCfg = Release|Any CPU
		{511F7A77-1FDF-404E-80F6-E5128A059FD4}.AppStore|iPhoneSimulator.Build.0 = Release|Any CPU
		{511F7A77-1FDF-404E-80F6-E5128A059FD4}.Debug|Any CPU.ActiveCfg = Debug|Any CPU
		{511F7A77-1FDF-404E-80F6-E5128A059FD4}.Debug|Any CPU.Build.0 = Debug|Any CPU
		{511F7A77-1FDF-404E-80F6-E5128A059FD4}.Debug|iPhone.ActiveCfg = Debug|Any CPU
		{511F7A77-1FDF-404E-80F6-E5128A059FD4}.Debug|iPhone.Build.0 = Debug|Any CPU
		{511F7A77-1FDF-404E-80F6-E5128A059FD4}.Debug|iPhoneSimulator.ActiveCfg = Debug|Any CPU
		{511F7A77-1FDF-404E-80F6-E5128A059FD4}.Debug|iPhoneSimulator.Build.0 = Debug|Any CPU
		{511F7A77-1FDF-404E-80F6-E5128A059FD4}.Release|Any CPU.ActiveCfg = Release|Any CPU
		{511F7A77-1FDF-404E-80F6-E5128A059FD4}.Release|Any CPU.Build.0 = Release|Any CPU
		{511F7A77-1FDF-404E-80F6-E5128A059FD4}.Release|iPhone.ActiveCfg = Release|Any CPU
		{511F7A77-1FDF-404E-80F6-E5128A059FD4}.Release|iPhone.Build.0 = Release|Any CPU
		{511F7A77-1FDF-404E-80F6-E5128A059FD4}.Release|iPhoneSimulator.ActiveCfg = Release|Any CPU
		{511F7A77-1FDF-404E-80F6-E5128A059FD4}.Release|iPhoneSimulator.Build.0 = Release|Any CPU
		{436B8A21-CDA0-4E8E-823B-C6CA01A7AD0D}.Ad-Hoc|Any CPU.ActiveCfg = Release|Any CPU
		{436B8A21-CDA0-4E8E-823B-C6CA01A7AD0D}.Ad-Hoc|Any CPU.Build.0 = Release|Any CPU
		{436B8A21-CDA0-4E8E-823B-C6CA01A7AD0D}.Ad-Hoc|iPhone.ActiveCfg = Release|Any CPU
		{436B8A21-CDA0-4E8E-823B-C6CA01A7AD0D}.Ad-Hoc|iPhone.Build.0 = Release|Any CPU
		{436B8A21-CDA0-4E8E-823B-C6CA01A7AD0D}.Ad-Hoc|iPhoneSimulator.ActiveCfg = Release|Any CPU
		{436B8A21-CDA0-4E8E-823B-C6CA01A7AD0D}.Ad-Hoc|iPhoneSimulator.Build.0 = Release|Any CPU
		{436B8A21-CDA0-4E8E-823B-C6CA01A7AD0D}.AppStore|Any CPU.ActiveCfg = Release|Any CPU
		{436B8A21-CDA0-4E8E-823B-C6CA01A7AD0D}.AppStore|Any CPU.Build.0 = Release|Any CPU
		{436B8A21-CDA0-4E8E-823B-C6CA01A7AD0D}.AppStore|iPhone.ActiveCfg = Release|Any CPU
		{436B8A21-CDA0-4E8E-823B-C6CA01A7AD0D}.AppStore|iPhone.Build.0 = Release|Any CPU
		{436B8A21-CDA0-4E8E-823B-C6CA01A7AD0D}.AppStore|iPhoneSimulator.ActiveCfg = Release|Any CPU
		{436B8A21-CDA0-4E8E-823B-C6CA01A7AD0D}.AppStore|iPhoneSimulator.Build.0 = Release|Any CPU
		{436B8A21-CDA0-4E8E-823B-C6CA01A7AD0D}.Debug|Any CPU.ActiveCfg = Debug|Any CPU
		{436B8A21-CDA0-4E8E-823B-C6CA01A7AD0D}.Debug|Any CPU.Build.0 = Debug|Any CPU
		{436B8A21-CDA0-4E8E-823B-C6CA01A7AD0D}.Debug|iPhone.ActiveCfg = Debug|Any CPU
		{436B8A21-CDA0-4E8E-823B-C6CA01A7AD0D}.Debug|iPhone.Build.0 = Debug|Any CPU
		{436B8A21-CDA0-4E8E-823B-C6CA01A7AD0D}.Debug|iPhoneSimulator.ActiveCfg = Debug|Any CPU
		{436B8A21-CDA0-4E8E-823B-C6CA01A7AD0D}.Debug|iPhoneSimulator.Build.0 = Debug|Any CPU
		{436B8A21-CDA0-4E8E-823B-C6CA01A7AD0D}.Release|Any CPU.ActiveCfg = Release|Any CPU
		{436B8A21-CDA0-4E8E-823B-C6CA01A7AD0D}.Release|Any CPU.Build.0 = Release|Any CPU
		{436B8A21-CDA0-4E8E-823B-C6CA01A7AD0D}.Release|iPhone.ActiveCfg = Release|Any CPU
		{436B8A21-CDA0-4E8E-823B-C6CA01A7AD0D}.Release|iPhone.Build.0 = Release|Any CPU
		{436B8A21-CDA0-4E8E-823B-C6CA01A7AD0D}.Release|iPhoneSimulator.ActiveCfg = Release|Any CPU
		{436B8A21-CDA0-4E8E-823B-C6CA01A7AD0D}.Release|iPhoneSimulator.Build.0 = Release|Any CPU
		{7474AF3A-3C87-442B-B538-F4E3DDD7D45B}.Ad-Hoc|Any CPU.ActiveCfg = Release|Any CPU
		{7474AF3A-3C87-442B-B538-F4E3DDD7D45B}.Ad-Hoc|Any CPU.Build.0 = Release|Any CPU
		{7474AF3A-3C87-442B-B538-F4E3DDD7D45B}.Ad-Hoc|Any CPU.Deploy.0 = Release|Any CPU
		{7474AF3A-3C87-442B-B538-F4E3DDD7D45B}.Ad-Hoc|iPhone.ActiveCfg = Release|Any CPU
		{7474AF3A-3C87-442B-B538-F4E3DDD7D45B}.Ad-Hoc|iPhone.Build.0 = Release|Any CPU
		{7474AF3A-3C87-442B-B538-F4E3DDD7D45B}.Ad-Hoc|iPhone.Deploy.0 = Release|Any CPU
		{7474AF3A-3C87-442B-B538-F4E3DDD7D45B}.Ad-Hoc|iPhoneSimulator.ActiveCfg = Release|Any CPU
		{7474AF3A-3C87-442B-B538-F4E3DDD7D45B}.Ad-Hoc|iPhoneSimulator.Build.0 = Release|Any CPU
		{7474AF3A-3C87-442B-B538-F4E3DDD7D45B}.Ad-Hoc|iPhoneSimulator.Deploy.0 = Release|Any CPU
		{7474AF3A-3C87-442B-B538-F4E3DDD7D45B}.AppStore|Any CPU.ActiveCfg = Release|Any CPU
		{7474AF3A-3C87-442B-B538-F4E3DDD7D45B}.AppStore|Any CPU.Build.0 = Release|Any CPU
		{7474AF3A-3C87-442B-B538-F4E3DDD7D45B}.AppStore|Any CPU.Deploy.0 = Release|Any CPU
		{7474AF3A-3C87-442B-B538-F4E3DDD7D45B}.AppStore|iPhone.ActiveCfg = Release|Any CPU
		{7474AF3A-3C87-442B-B538-F4E3DDD7D45B}.AppStore|iPhone.Build.0 = Release|Any CPU
		{7474AF3A-3C87-442B-B538-F4E3DDD7D45B}.AppStore|iPhone.Deploy.0 = Release|Any CPU
		{7474AF3A-3C87-442B-B538-F4E3DDD7D45B}.AppStore|iPhoneSimulator.ActiveCfg = Release|Any CPU
		{7474AF3A-3C87-442B-B538-F4E3DDD7D45B}.AppStore|iPhoneSimulator.Build.0 = Release|Any CPU
		{7474AF3A-3C87-442B-B538-F4E3DDD7D45B}.AppStore|iPhoneSimulator.Deploy.0 = Release|Any CPU
		{7474AF3A-3C87-442B-B538-F4E3DDD7D45B}.Debug|Any CPU.ActiveCfg = Debug|Any CPU
		{7474AF3A-3C87-442B-B538-F4E3DDD7D45B}.Debug|Any CPU.Build.0 = Debug|Any CPU
		{7474AF3A-3C87-442B-B538-F4E3DDD7D45B}.Debug|Any CPU.Deploy.0 = Debug|Any CPU
		{7474AF3A-3C87-442B-B538-F4E3DDD7D45B}.Debug|iPhone.ActiveCfg = Debug|Any CPU
		{7474AF3A-3C87-442B-B538-F4E3DDD7D45B}.Debug|iPhone.Build.0 = Debug|Any CPU
		{7474AF3A-3C87-442B-B538-F4E3DDD7D45B}.Debug|iPhone.Deploy.0 = Debug|Any CPU
		{7474AF3A-3C87-442B-B538-F4E3DDD7D45B}.Debug|iPhoneSimulator.ActiveCfg = Debug|Any CPU
		{7474AF3A-3C87-442B-B538-F4E3DDD7D45B}.Debug|iPhoneSimulator.Build.0 = Debug|Any CPU
		{7474AF3A-3C87-442B-B538-F4E3DDD7D45B}.Debug|iPhoneSimulator.Deploy.0 = Debug|Any CPU
		{7474AF3A-3C87-442B-B538-F4E3DDD7D45B}.Release|Any CPU.ActiveCfg = Release|Any CPU
		{7474AF3A-3C87-442B-B538-F4E3DDD7D45B}.Release|Any CPU.Build.0 = Release|Any CPU
		{7474AF3A-3C87-442B-B538-F4E3DDD7D45B}.Release|Any CPU.Deploy.0 = Release|Any CPU
		{7474AF3A-3C87-442B-B538-F4E3DDD7D45B}.Release|iPhone.ActiveCfg = Release|Any CPU
		{7474AF3A-3C87-442B-B538-F4E3DDD7D45B}.Release|iPhone.Build.0 = Release|Any CPU
		{7474AF3A-3C87-442B-B538-F4E3DDD7D45B}.Release|iPhone.Deploy.0 = Release|Any CPU
		{7474AF3A-3C87-442B-B538-F4E3DDD7D45B}.Release|iPhoneSimulator.ActiveCfg = Release|Any CPU
		{7474AF3A-3C87-442B-B538-F4E3DDD7D45B}.Release|iPhoneSimulator.Build.0 = Release|Any CPU
		{7474AF3A-3C87-442B-B538-F4E3DDD7D45B}.Release|iPhoneSimulator.Deploy.0 = Release|Any CPU
		{BE6B5F4A-2A77-4F64-B0F4-9A17B5A90C4F}.Ad-Hoc|Any CPU.ActiveCfg = Debug|Any CPU
		{BE6B5F4A-2A77-4F64-B0F4-9A17B5A90C4F}.Ad-Hoc|Any CPU.Build.0 = Debug|Any CPU
		{BE6B5F4A-2A77-4F64-B0F4-9A17B5A90C4F}.Ad-Hoc|iPhone.ActiveCfg = Debug|Any CPU
		{BE6B5F4A-2A77-4F64-B0F4-9A17B5A90C4F}.Ad-Hoc|iPhone.Build.0 = Debug|Any CPU
		{BE6B5F4A-2A77-4F64-B0F4-9A17B5A90C4F}.Ad-Hoc|iPhoneSimulator.ActiveCfg = Debug|Any CPU
		{BE6B5F4A-2A77-4F64-B0F4-9A17B5A90C4F}.Ad-Hoc|iPhoneSimulator.Build.0 = Debug|Any CPU
		{BE6B5F4A-2A77-4F64-B0F4-9A17B5A90C4F}.AppStore|Any CPU.ActiveCfg = Debug|Any CPU
		{BE6B5F4A-2A77-4F64-B0F4-9A17B5A90C4F}.AppStore|Any CPU.Build.0 = Debug|Any CPU
		{BE6B5F4A-2A77-4F64-B0F4-9A17B5A90C4F}.AppStore|iPhone.ActiveCfg = Debug|Any CPU
		{BE6B5F4A-2A77-4F64-B0F4-9A17B5A90C4F}.AppStore|iPhone.Build.0 = Debug|Any CPU
		{BE6B5F4A-2A77-4F64-B0F4-9A17B5A90C4F}.AppStore|iPhoneSimulator.ActiveCfg = Debug|Any CPU
		{BE6B5F4A-2A77-4F64-B0F4-9A17B5A90C4F}.AppStore|iPhoneSimulator.Build.0 = Debug|Any CPU
		{BE6B5F4A-2A77-4F64-B0F4-9A17B5A90C4F}.Debug|Any CPU.ActiveCfg = Debug|Any CPU
		{BE6B5F4A-2A77-4F64-B0F4-9A17B5A90C4F}.Debug|Any CPU.Build.0 = Debug|Any CPU
		{BE6B5F4A-2A77-4F64-B0F4-9A17B5A90C4F}.Debug|iPhone.ActiveCfg = Debug|Any CPU
		{BE6B5F4A-2A77-4F64-B0F4-9A17B5A90C4F}.Debug|iPhone.Build.0 = Debug|Any CPU
		{BE6B5F4A-2A77-4F64-B0F4-9A17B5A90C4F}.Debug|iPhoneSimulator.ActiveCfg = Debug|Any CPU
		{BE6B5F4A-2A77-4F64-B0F4-9A17B5A90C4F}.Debug|iPhoneSimulator.Build.0 = Debug|Any CPU
		{BE6B5F4A-2A77-4F64-B0F4-9A17B5A90C4F}.Release|Any CPU.ActiveCfg = Release|Any CPU
		{BE6B5F4A-2A77-4F64-B0F4-9A17B5A90C4F}.Release|Any CPU.Build.0 = Release|Any CPU
		{BE6B5F4A-2A77-4F64-B0F4-9A17B5A90C4F}.Release|iPhone.ActiveCfg = Release|Any CPU
		{BE6B5F4A-2A77-4F64-B0F4-9A17B5A90C4F}.Release|iPhone.Build.0 = Release|Any CPU
		{BE6B5F4A-2A77-4F64-B0F4-9A17B5A90C4F}.Release|iPhoneSimulator.ActiveCfg = Release|Any CPU
		{BE6B5F4A-2A77-4F64-B0F4-9A17B5A90C4F}.Release|iPhoneSimulator.Build.0 = Release|Any CPU
		{614CBE40-C66D-4629-8310-0396E7953E00}.Ad-Hoc|Any CPU.ActiveCfg = Release|Any CPU
		{614CBE40-C66D-4629-8310-0396E7953E00}.Ad-Hoc|Any CPU.Build.0 = Release|Any CPU
		{614CBE40-C66D-4629-8310-0396E7953E00}.Ad-Hoc|Any CPU.Deploy.0 = Release|Any CPU
		{614CBE40-C66D-4629-8310-0396E7953E00}.Ad-Hoc|iPhone.ActiveCfg = Release|Any CPU
		{614CBE40-C66D-4629-8310-0396E7953E00}.Ad-Hoc|iPhone.Build.0 = Release|Any CPU
		{614CBE40-C66D-4629-8310-0396E7953E00}.Ad-Hoc|iPhone.Deploy.0 = Release|Any CPU
		{614CBE40-C66D-4629-8310-0396E7953E00}.Ad-Hoc|iPhoneSimulator.ActiveCfg = Release|Any CPU
		{614CBE40-C66D-4629-8310-0396E7953E00}.Ad-Hoc|iPhoneSimulator.Build.0 = Release|Any CPU
		{614CBE40-C66D-4629-8310-0396E7953E00}.Ad-Hoc|iPhoneSimulator.Deploy.0 = Release|Any CPU
		{614CBE40-C66D-4629-8310-0396E7953E00}.AppStore|Any CPU.ActiveCfg = Release|Any CPU
		{614CBE40-C66D-4629-8310-0396E7953E00}.AppStore|Any CPU.Build.0 = Release|Any CPU
		{614CBE40-C66D-4629-8310-0396E7953E00}.AppStore|Any CPU.Deploy.0 = Release|Any CPU
		{614CBE40-C66D-4629-8310-0396E7953E00}.AppStore|iPhone.ActiveCfg = Release|Any CPU
		{614CBE40-C66D-4629-8310-0396E7953E00}.AppStore|iPhone.Build.0 = Release|Any CPU
		{614CBE40-C66D-4629-8310-0396E7953E00}.AppStore|iPhone.Deploy.0 = Release|Any CPU
		{614CBE40-C66D-4629-8310-0396E7953E00}.AppStore|iPhoneSimulator.ActiveCfg = Release|Any CPU
		{614CBE40-C66D-4629-8310-0396E7953E00}.AppStore|iPhoneSimulator.Build.0 = Release|Any CPU
		{614CBE40-C66D-4629-8310-0396E7953E00}.AppStore|iPhoneSimulator.Deploy.0 = Release|Any CPU
		{614CBE40-C66D-4629-8310-0396E7953E00}.Debug|Any CPU.ActiveCfg = Debug|Any CPU
		{614CBE40-C66D-4629-8310-0396E7953E00}.Debug|Any CPU.Build.0 = Debug|Any CPU
		{614CBE40-C66D-4629-8310-0396E7953E00}.Debug|Any CPU.Deploy.0 = Debug|Any CPU
		{614CBE40-C66D-4629-8310-0396E7953E00}.Debug|iPhone.ActiveCfg = Debug|Any CPU
		{614CBE40-C66D-4629-8310-0396E7953E00}.Debug|iPhone.Build.0 = Debug|Any CPU
		{614CBE40-C66D-4629-8310-0396E7953E00}.Debug|iPhone.Deploy.0 = Debug|Any CPU
		{614CBE40-C66D-4629-8310-0396E7953E00}.Debug|iPhoneSimulator.ActiveCfg = Debug|Any CPU
		{614CBE40-C66D-4629-8310-0396E7953E00}.Debug|iPhoneSimulator.Build.0 = Debug|Any CPU
		{614CBE40-C66D-4629-8310-0396E7953E00}.Debug|iPhoneSimulator.Deploy.0 = Debug|Any CPU
		{614CBE40-C66D-4629-8310-0396E7953E00}.Release|Any CPU.ActiveCfg = Release|Any CPU
		{614CBE40-C66D-4629-8310-0396E7953E00}.Release|Any CPU.Build.0 = Release|Any CPU
		{614CBE40-C66D-4629-8310-0396E7953E00}.Release|Any CPU.Deploy.0 = Release|Any CPU
		{614CBE40-C66D-4629-8310-0396E7953E00}.Release|iPhone.ActiveCfg = Release|Any CPU
		{614CBE40-C66D-4629-8310-0396E7953E00}.Release|iPhone.Build.0 = Release|Any CPU
		{614CBE40-C66D-4629-8310-0396E7953E00}.Release|iPhone.Deploy.0 = Release|Any CPU
		{614CBE40-C66D-4629-8310-0396E7953E00}.Release|iPhoneSimulator.ActiveCfg = Release|Any CPU
		{614CBE40-C66D-4629-8310-0396E7953E00}.Release|iPhoneSimulator.Build.0 = Release|Any CPU
		{614CBE40-C66D-4629-8310-0396E7953E00}.Release|iPhoneSimulator.Deploy.0 = Release|Any CPU
		{DBE1D3C0-9862-4D79-BFA3-8D9CD40366FF}.Ad-Hoc|Any CPU.ActiveCfg = Ad-Hoc|iPhone
		{DBE1D3C0-9862-4D79-BFA3-8D9CD40366FF}.Ad-Hoc|iPhone.ActiveCfg = Ad-Hoc|iPhone
		{DBE1D3C0-9862-4D79-BFA3-8D9CD40366FF}.Ad-Hoc|iPhone.Build.0 = Ad-Hoc|iPhone
		{DBE1D3C0-9862-4D79-BFA3-8D9CD40366FF}.Ad-Hoc|iPhoneSimulator.ActiveCfg = Ad-Hoc|iPhoneSimulator
		{DBE1D3C0-9862-4D79-BFA3-8D9CD40366FF}.Ad-Hoc|iPhoneSimulator.Build.0 = Ad-Hoc|iPhoneSimulator
		{DBE1D3C0-9862-4D79-BFA3-8D9CD40366FF}.AppStore|Any CPU.ActiveCfg = AppStore|iPhone
		{DBE1D3C0-9862-4D79-BFA3-8D9CD40366FF}.AppStore|iPhone.ActiveCfg = AppStore|iPhone
		{DBE1D3C0-9862-4D79-BFA3-8D9CD40366FF}.AppStore|iPhone.Build.0 = AppStore|iPhone
		{DBE1D3C0-9862-4D79-BFA3-8D9CD40366FF}.AppStore|iPhoneSimulator.ActiveCfg = AppStore|iPhoneSimulator
		{DBE1D3C0-9862-4D79-BFA3-8D9CD40366FF}.AppStore|iPhoneSimulator.Build.0 = AppStore|iPhoneSimulator
		{DBE1D3C0-9862-4D79-BFA3-8D9CD40366FF}.Debug|Any CPU.ActiveCfg = Debug|iPhone
		{DBE1D3C0-9862-4D79-BFA3-8D9CD40366FF}.Debug|iPhone.ActiveCfg = Debug|iPhone
		{DBE1D3C0-9862-4D79-BFA3-8D9CD40366FF}.Debug|iPhone.Build.0 = Debug|iPhone
		{DBE1D3C0-9862-4D79-BFA3-8D9CD40366FF}.Debug|iPhoneSimulator.ActiveCfg = Debug|iPhoneSimulator
		{DBE1D3C0-9862-4D79-BFA3-8D9CD40366FF}.Debug|iPhoneSimulator.Build.0 = Debug|iPhoneSimulator
		{DBE1D3C0-9862-4D79-BFA3-8D9CD40366FF}.Release|Any CPU.ActiveCfg = Release|iPhone
		{DBE1D3C0-9862-4D79-BFA3-8D9CD40366FF}.Release|iPhone.ActiveCfg = Release|iPhone
		{DBE1D3C0-9862-4D79-BFA3-8D9CD40366FF}.Release|iPhone.Build.0 = Release|iPhone
		{DBE1D3C0-9862-4D79-BFA3-8D9CD40366FF}.Release|iPhoneSimulator.ActiveCfg = Release|iPhoneSimulator
		{DBE1D3C0-9862-4D79-BFA3-8D9CD40366FF}.Release|iPhoneSimulator.Build.0 = Release|iPhoneSimulator
		{0B2F1320-8434-4B71-A7F6-B49CCA0DF4AE}.Ad-Hoc|Any CPU.ActiveCfg = Release|iPhone
		{0B2F1320-8434-4B71-A7F6-B49CCA0DF4AE}.Ad-Hoc|Any CPU.Build.0 = Release|iPhone
		{0B2F1320-8434-4B71-A7F6-B49CCA0DF4AE}.Ad-Hoc|iPhone.ActiveCfg = Release|iPhone
		{0B2F1320-8434-4B71-A7F6-B49CCA0DF4AE}.Ad-Hoc|iPhone.Build.0 = Release|iPhone
		{0B2F1320-8434-4B71-A7F6-B49CCA0DF4AE}.Ad-Hoc|iPhoneSimulator.ActiveCfg = Release|iPhoneSimulator
		{0B2F1320-8434-4B71-A7F6-B49CCA0DF4AE}.Ad-Hoc|iPhoneSimulator.Build.0 = Release|iPhoneSimulator
		{0B2F1320-8434-4B71-A7F6-B49CCA0DF4AE}.AppStore|Any CPU.ActiveCfg = Release|iPhone
		{0B2F1320-8434-4B71-A7F6-B49CCA0DF4AE}.AppStore|Any CPU.Build.0 = Release|iPhone
		{0B2F1320-8434-4B71-A7F6-B49CCA0DF4AE}.AppStore|iPhone.ActiveCfg = Release|iPhone
		{0B2F1320-8434-4B71-A7F6-B49CCA0DF4AE}.AppStore|iPhone.Build.0 = Release|iPhone
		{0B2F1320-8434-4B71-A7F6-B49CCA0DF4AE}.AppStore|iPhoneSimulator.ActiveCfg = Release|iPhoneSimulator
		{0B2F1320-8434-4B71-A7F6-B49CCA0DF4AE}.AppStore|iPhoneSimulator.Build.0 = Release|iPhoneSimulator
		{0B2F1320-8434-4B71-A7F6-B49CCA0DF4AE}.Debug|Any CPU.ActiveCfg = Debug|iPhone
		{0B2F1320-8434-4B71-A7F6-B49CCA0DF4AE}.Debug|iPhone.ActiveCfg = Debug|iPhone
		{0B2F1320-8434-4B71-A7F6-B49CCA0DF4AE}.Debug|iPhone.Build.0 = Debug|iPhone
		{0B2F1320-8434-4B71-A7F6-B49CCA0DF4AE}.Debug|iPhoneSimulator.ActiveCfg = Debug|iPhoneSimulator
		{0B2F1320-8434-4B71-A7F6-B49CCA0DF4AE}.Debug|iPhoneSimulator.Build.0 = Debug|iPhoneSimulator
		{0B2F1320-8434-4B71-A7F6-B49CCA0DF4AE}.Release|Any CPU.ActiveCfg = Release|iPhone
		{0B2F1320-8434-4B71-A7F6-B49CCA0DF4AE}.Release|iPhone.ActiveCfg = Release|iPhone
		{0B2F1320-8434-4B71-A7F6-B49CCA0DF4AE}.Release|iPhone.Build.0 = Release|iPhone
		{0B2F1320-8434-4B71-A7F6-B49CCA0DF4AE}.Release|iPhoneSimulator.ActiveCfg = Release|iPhoneSimulator
		{0B2F1320-8434-4B71-A7F6-B49CCA0DF4AE}.Release|iPhoneSimulator.Build.0 = Release|iPhoneSimulator
	EndGlobalSection
	GlobalSection(SolutionProperties) = preSolution
		HideSolutionNode = FALSE
	EndGlobalSection
	GlobalSection(ExtensibilityGlobals) = postSolution
		SolutionGuid = {F26F7739-460A-47CB-9990-E346B47F0E10}
	EndGlobalSection
EndGlobal
